// !$*UTF8*$!
{
	archiveVersion = 1;
	classes = {
	};
	objectVersion = 55;
	objects = {

/* Begin PBXBuildFile section */
		A301D10127F0A8F4003A9397 /* AuthService.swift in Sources */ = {isa = PBXBuildFile; fileRef = A301D10027F0A8F4003A9397 /* AuthService.swift */; };
		A301D10427F0AD10003A9397 /* UserDB.swift in Sources */ = {isa = PBXBuildFile; fileRef = A301D10327F0AD10003A9397 /* UserDB.swift */; };
		A301D10627F0AE7E003A9397 /* DataBaseService.swift in Sources */ = {isa = PBXBuildFile; fileRef = A301D10527F0AE7E003A9397 /* DataBaseService.swift */; };
		A301D10927F0AF19003A9397 /* FirebaseFirestore in Frameworks */ = {isa = PBXBuildFile; productRef = A301D10827F0AF19003A9397 /* FirebaseFirestore */; };
		A36F424127D515950001F773 /* GoogleSignIn in Frameworks */ = {isa = PBXBuildFile; productRef = A36F424027D515950001F773 /* GoogleSignIn */; };
		A397EBD927F1AA1A002E6991 /* RegViewController.swift in Sources */ = {isa = PBXBuildFile; fileRef = A397EBD827F1AA1A002E6991 /* RegViewController.swift */; };
		A397EBE127F1C4BD002E6991 /* Main.storyboard in Resources */ = {isa = PBXBuildFile; fileRef = A397EBE027F1C4BD002E6991 /* Main.storyboard */; };
		A3D00F4827D27F4A00F31B5D /* GoogleService-Info.plist in Resources */ = {isa = PBXBuildFile; fileRef = A3D00F4727D27F4A00F31B5D /* GoogleService-Info.plist */; };
		A3D00F4B27D2819500F31B5D /* FirebaseAnalytics in Frameworks */ = {isa = PBXBuildFile; productRef = A3D00F4A27D2819500F31B5D /* FirebaseAnalytics */; };
		A3D00F4D27D2819500F31B5D /* FirebaseAuth in Frameworks */ = {isa = PBXBuildFile; productRef = A3D00F4C27D2819500F31B5D /* FirebaseAuth */; };
		A3D00F4F27D2819500F31B5D /* FirebaseAuthCombine-Community in Frameworks */ = {isa = PBXBuildFile; productRef = A3D00F4E27D2819500F31B5D /* FirebaseAuthCombine-Community */; };
		A3D00F5127D2819500F31B5D /* FirebaseDatabase in Frameworks */ = {isa = PBXBuildFile; productRef = A3D00F5027D2819500F31B5D /* FirebaseDatabase */; };
		A3D4A65C27F48A340042AB40 /* .gitattributes in Resources */ = {isa = PBXBuildFile; fileRef = A3D4A65B27F48A340042AB40 /* .gitattributes */; };
		A3FD2E9427EF21C4002FD5A1 /* UserPresenter.swift in Sources */ = {isa = PBXBuildFile; fileRef = A3FD2E9327EF21C4002FD5A1 /* UserPresenter.swift */; };
		A3FD2E9627EF21FA002FD5A1 /* AuthAssembly.swift in Sources */ = {isa = PBXBuildFile; fileRef = A3FD2E9527EF21FA002FD5A1 /* AuthAssembly.swift */; };
		A516A9A027F089E3006BD170 /* AuthTest.swift in Sources */ = {isa = PBXBuildFile; fileRef = A516A99F27F089E3006BD170 /* AuthTest.swift */; };
		A561FCAE27DE244800E53D83 /* MapViewController.swift in Sources */ = {isa = PBXBuildFile; fileRef = A561FCAD27DE244800E53D83 /* MapViewController.swift */; };
		A592DF9D27DE1E4B0016B84D /* TileSet.sks in Resources */ = {isa = PBXBuildFile; fileRef = A592DF9C27DE1E4B0016B84D /* TileSet.sks */; };
		A5B0C0DD27D8EEC800D35401 /* MapScene.sks in Resources */ = {isa = PBXBuildFile; fileRef = A5B0C0DC27D8EEC800D35401 /* MapScene.sks */; };
		A5B0C0DF27D8EEDF00D35401 /* Actions.sks in Resources */ = {isa = PBXBuildFile; fileRef = A5B0C0DE27D8EEDF00D35401 /* Actions.sks */; };
		A5B0C0E127D8EEEC00D35401 /* MapScene.swift in Sources */ = {isa = PBXBuildFile; fileRef = A5B0C0E027D8EEEC00D35401 /* MapScene.swift */; };
		A5C1A4C727D2799A00866EB7 /* AppDelegate.swift in Sources */ = {isa = PBXBuildFile; fileRef = A5C1A4C627D2799A00866EB7 /* AppDelegate.swift */; };
		A5C1A4C927D2799A00866EB7 /* SceneDelegate.swift in Sources */ = {isa = PBXBuildFile; fileRef = A5C1A4C827D2799A00866EB7 /* SceneDelegate.swift */; };
		A5C1A4CB27D2799A00866EB7 /* AuthViewController.swift in Sources */ = {isa = PBXBuildFile; fileRef = A5C1A4CA27D2799A00866EB7 /* AuthViewController.swift */; };
		A5C1A4D127D2799A00866EB7 /* TinkAutoParking.xcdatamodeld in Sources */ = {isa = PBXBuildFile; fileRef = A5C1A4CF27D2799A00866EB7 /* TinkAutoParking.xcdatamodeld */; };
		A5C1A4D327D2799A00866EB7 /* Assets.xcassets in Resources */ = {isa = PBXBuildFile; fileRef = A5C1A4D227D2799A00866EB7 /* Assets.xcassets */; };
		A5C1A4D627D2799A00866EB7 /* LaunchScreen.storyboard in Resources */ = {isa = PBXBuildFile; fileRef = A5C1A4D427D2799A00866EB7 /* LaunchScreen.storyboard */; };
		A5C1A4E127D2799B00866EB7 /* MapTest.swift in Sources */ = {isa = PBXBuildFile; fileRef = A5C1A4E027D2799B00866EB7 /* MapTest.swift */; };
		A5C1A4EB27D2799B00866EB7 /* TinkAutoParkingUITests.swift in Sources */ = {isa = PBXBuildFile; fileRef = A5C1A4EA27D2799B00866EB7 /* TinkAutoParkingUITests.swift */; };
		A5C1A4ED27D2799B00866EB7 /* TinkAutoParkingUITestsLaunchTests.swift in Sources */ = {isa = PBXBuildFile; fileRef = A5C1A4EC27D2799B00866EB7 /* TinkAutoParkingUITestsLaunchTests.swift */; };
		A5CCBD1527EE1C38002B33D8 /* MapModel.swift in Sources */ = {isa = PBXBuildFile; fileRef = A5CCBD1427EE1C38002B33D8 /* MapModel.swift */; };
		A5CCBD1727EE1C41002B33D8 /* MapPresenter.swift in Sources */ = {isa = PBXBuildFile; fileRef = A5CCBD1627EE1C41002B33D8 /* MapPresenter.swift */; };
		A5CCBD1927EE1C4A002B33D8 /* MapAssembly.swift in Sources */ = {isa = PBXBuildFile; fileRef = A5CCBD1827EE1C4A002B33D8 /* MapAssembly.swift */; };
/* End PBXBuildFile section */

/* Begin PBXContainerItemProxy section */
		A5C1A4DD27D2799B00866EB7 /* PBXContainerItemProxy */ = {
			isa = PBXContainerItemProxy;
			containerPortal = A5C1A4BB27D2799A00866EB7 /* Project object */;
			proxyType = 1;
			remoteGlobalIDString = A5C1A4C227D2799A00866EB7;
			remoteInfo = TinkAutoParking;
		};
		A5C1A4E727D2799B00866EB7 /* PBXContainerItemProxy */ = {
			isa = PBXContainerItemProxy;
			containerPortal = A5C1A4BB27D2799A00866EB7 /* Project object */;
			proxyType = 1;
			remoteGlobalIDString = A5C1A4C227D2799A00866EB7;
			remoteInfo = TinkAutoParking;
		};
/* End PBXContainerItemProxy section */

/* Begin PBXFileReference section */
		A301D10027F0A8F4003A9397 /* AuthService.swift */ = {isa = PBXFileReference; lastKnownFileType = sourcecode.swift; path = AuthService.swift; sourceTree = "<group>"; };
		A301D10327F0AD10003A9397 /* UserDB.swift */ = {isa = PBXFileReference; lastKnownFileType = sourcecode.swift; path = UserDB.swift; sourceTree = "<group>"; };
		A301D10527F0AE7E003A9397 /* DataBaseService.swift */ = {isa = PBXFileReference; lastKnownFileType = sourcecode.swift; path = DataBaseService.swift; sourceTree = "<group>"; };
		A36F423E27D50E610001F773 /* TinkAutoParking.entitlements */ = {isa = PBXFileReference; lastKnownFileType = text.plist.entitlements; path = TinkAutoParking.entitlements; sourceTree = "<group>"; };
		A397EBD827F1AA1A002E6991 /* RegViewController.swift */ = {isa = PBXFileReference; lastKnownFileType = sourcecode.swift; path = RegViewController.swift; sourceTree = "<group>"; };
		A397EBE027F1C4BD002E6991 /* Main.storyboard */ = {isa = PBXFileReference; fileEncoding = 4; lastKnownFileType = file.storyboard; name = Main.storyboard; path = ../../../../../../Desktop/Main.storyboard; sourceTree = "<group>"; };
		A3D00F4727D27F4A00F31B5D /* GoogleService-Info.plist */ = {isa = PBXFileReference; fileEncoding = 4; lastKnownFileType = text.plist.xml; path = "GoogleService-Info.plist"; sourceTree = "<group>"; };
		A3D4A65B27F48A340042AB40 /* .gitattributes */ = {isa = PBXFileReference; lastKnownFileType = text; path = .gitattributes; sourceTree = "<group>"; };
		A3FD2E9327EF21C4002FD5A1 /* UserPresenter.swift */ = {isa = PBXFileReference; lastKnownFileType = sourcecode.swift; path = UserPresenter.swift; sourceTree = "<group>"; };
		A3FD2E9527EF21FA002FD5A1 /* AuthAssembly.swift */ = {isa = PBXFileReference; lastKnownFileType = sourcecode.swift; path = AuthAssembly.swift; sourceTree = "<group>"; };
		A516A99F27F089E3006BD170 /* AuthTest.swift */ = {isa = PBXFileReference; lastKnownFileType = sourcecode.swift; path = AuthTest.swift; sourceTree = "<group>"; };
		A561FCAD27DE244800E53D83 /* MapViewController.swift */ = {isa = PBXFileReference; lastKnownFileType = sourcecode.swift; path = MapViewController.swift; sourceTree = "<group>"; };
		A592DF9C27DE1E4B0016B84D /* TileSet.sks */ = {isa = PBXFileReference; lastKnownFileType = file.sks; path = TileSet.sks; sourceTree = "<group>"; };
		A5B0C0DC27D8EEC800D35401 /* MapScene.sks */ = {isa = PBXFileReference; lastKnownFileType = file.sks; path = MapScene.sks; sourceTree = "<group>"; };
		A5B0C0DE27D8EEDF00D35401 /* Actions.sks */ = {isa = PBXFileReference; lastKnownFileType = file.sks; path = Actions.sks; sourceTree = "<group>"; };
		A5B0C0E027D8EEEC00D35401 /* MapScene.swift */ = {isa = PBXFileReference; lastKnownFileType = sourcecode.swift; path = MapScene.swift; sourceTree = "<group>"; };
		A5C1A4C327D2799A00866EB7 /* TinkAutoParking.app */ = {isa = PBXFileReference; explicitFileType = wrapper.application; includeInIndex = 0; path = TinkAutoParking.app; sourceTree = BUILT_PRODUCTS_DIR; };
		A5C1A4C627D2799A00866EB7 /* AppDelegate.swift */ = {isa = PBXFileReference; lastKnownFileType = sourcecode.swift; path = AppDelegate.swift; sourceTree = "<group>"; };
		A5C1A4C827D2799A00866EB7 /* SceneDelegate.swift */ = {isa = PBXFileReference; lastKnownFileType = sourcecode.swift; path = SceneDelegate.swift; sourceTree = "<group>"; };
		A5C1A4CA27D2799A00866EB7 /* AuthViewController.swift */ = {isa = PBXFileReference; lastKnownFileType = sourcecode.swift; path = AuthViewController.swift; sourceTree = "<group>"; };
		A5C1A4D027D2799A00866EB7 /* TinkAutoParking.xcdatamodel */ = {isa = PBXFileReference; lastKnownFileType = wrapper.xcdatamodel; path = TinkAutoParking.xcdatamodel; sourceTree = "<group>"; };
		A5C1A4D227D2799A00866EB7 /* Assets.xcassets */ = {isa = PBXFileReference; lastKnownFileType = folder.assetcatalog; path = Assets.xcassets; sourceTree = "<group>"; };
		A5C1A4D527D2799A00866EB7 /* Base */ = {isa = PBXFileReference; lastKnownFileType = file.storyboard; name = Base; path = Base.lproj/LaunchScreen.storyboard; sourceTree = "<group>"; };
		A5C1A4D727D2799A00866EB7 /* Info.plist */ = {isa = PBXFileReference; lastKnownFileType = text.plist.xml; path = Info.plist; sourceTree = "<group>"; };
		A5C1A4DC27D2799B00866EB7 /* TinkAutoParkingTests.xctest */ = {isa = PBXFileReference; explicitFileType = wrapper.cfbundle; includeInIndex = 0; path = TinkAutoParkingTests.xctest; sourceTree = BUILT_PRODUCTS_DIR; };
		A5C1A4E027D2799B00866EB7 /* MapTest.swift */ = {isa = PBXFileReference; lastKnownFileType = sourcecode.swift; path = MapTest.swift; sourceTree = "<group>"; };
		A5C1A4E627D2799B00866EB7 /* TinkAutoParkingUITests.xctest */ = {isa = PBXFileReference; explicitFileType = wrapper.cfbundle; includeInIndex = 0; path = TinkAutoParkingUITests.xctest; sourceTree = BUILT_PRODUCTS_DIR; };
		A5C1A4EA27D2799B00866EB7 /* TinkAutoParkingUITests.swift */ = {isa = PBXFileReference; lastKnownFileType = sourcecode.swift; path = TinkAutoParkingUITests.swift; sourceTree = "<group>"; };
		A5C1A4EC27D2799B00866EB7 /* TinkAutoParkingUITestsLaunchTests.swift */ = {isa = PBXFileReference; lastKnownFileType = sourcecode.swift; path = TinkAutoParkingUITestsLaunchTests.swift; sourceTree = "<group>"; };
		A5CCBD1427EE1C38002B33D8 /* MapModel.swift */ = {isa = PBXFileReference; lastKnownFileType = sourcecode.swift; path = MapModel.swift; sourceTree = "<group>"; };
		A5CCBD1627EE1C41002B33D8 /* MapPresenter.swift */ = {isa = PBXFileReference; lastKnownFileType = sourcecode.swift; path = MapPresenter.swift; sourceTree = "<group>"; };
		A5CCBD1827EE1C4A002B33D8 /* MapAssembly.swift */ = {isa = PBXFileReference; lastKnownFileType = sourcecode.swift; path = MapAssembly.swift; sourceTree = "<group>"; };
/* End PBXFileReference section */

/* Begin PBXFrameworksBuildPhase section */
		A5C1A4C027D2799A00866EB7 /* Frameworks */ = {
			isa = PBXFrameworksBuildPhase;
			buildActionMask = 2147483647;
			files = (
				A36F424127D515950001F773 /* GoogleSignIn in Frameworks */,
				A3D00F4B27D2819500F31B5D /* FirebaseAnalytics in Frameworks */,
				A3D00F4F27D2819500F31B5D /* FirebaseAuthCombine-Community in Frameworks */,
				A3D00F5127D2819500F31B5D /* FirebaseDatabase in Frameworks */,
				A3D00F4D27D2819500F31B5D /* FirebaseAuth in Frameworks */,
				A301D10927F0AF19003A9397 /* FirebaseFirestore in Frameworks */,
			);
			runOnlyForDeploymentPostprocessing = 0;
		};
		A5C1A4D927D2799B00866EB7 /* Frameworks */ = {
			isa = PBXFrameworksBuildPhase;
			buildActionMask = 2147483647;
			files = (
			);
			runOnlyForDeploymentPostprocessing = 0;
		};
		A5C1A4E327D2799B00866EB7 /* Frameworks */ = {
			isa = PBXFrameworksBuildPhase;
			buildActionMask = 2147483647;
			files = (
			);
			runOnlyForDeploymentPostprocessing = 0;
		};
/* End PBXFrameworksBuildPhase section */

/* Begin PBXGroup section */
		A301D0FF27F0A8E3003A9397 /* Services */ = {
			isa = PBXGroup;
			children = (
				A301D10027F0A8F4003A9397 /* AuthService.swift */,
				A301D10527F0AE7E003A9397 /* DataBaseService.swift */,
			);
			path = Services;
			sourceTree = "<group>";
		};
		A301D10227F0ACFC003A9397 /* Model */ = {
			isa = PBXGroup;
			children = (
				A301D10327F0AD10003A9397 /* UserDB.swift */,
			);
			path = Model;
			sourceTree = "<group>";
		};
		A301D10727F0AF19003A9397 /* Frameworks */ = {
			isa = PBXGroup;
			children = (
			);
			name = Frameworks;
			sourceTree = "<group>";
		};
		A3FD2E8C27EF212F002FD5A1 /* Authorization */ = {
			isa = PBXGroup;
			children = (
				A301D0FF27F0A8E3003A9397 /* Services */,
				A301D10227F0ACFC003A9397 /* Model */,
				A3FD2E8E27EF2149002FD5A1 /* View */,
				A3FD2E8F27EF2151002FD5A1 /* Presenter */,
				A3FD2E9527EF21FA002FD5A1 /* AuthAssembly.swift */,
			);
			path = Authorization;
			sourceTree = "<group>";
		};
		A3FD2E8E27EF2149002FD5A1 /* View */ = {
			isa = PBXGroup;
			children = (
				A5C1A4CA27D2799A00866EB7 /* AuthViewController.swift */,
				A397EBD827F1AA1A002E6991 /* RegViewController.swift */,
			);
			path = View;
			sourceTree = "<group>";
		};
		A3FD2E8F27EF2151002FD5A1 /* Presenter */ = {
			isa = PBXGroup;
			children = (
				A3FD2E9327EF21C4002FD5A1 /* UserPresenter.swift */,
			);
			path = Presenter;
			sourceTree = "<group>";
		};
		A5C1A4BA27D2799A00866EB7 = {
			isa = PBXGroup;
			children = (
				A3D4A65B27F48A340042AB40 /* .gitattributes */,
				A5C1A4C527D2799A00866EB7 /* TinkAutoParking */,
				A5C1A4DF27D2799B00866EB7 /* TinkAutoParkingTests */,
				A5C1A4E927D2799B00866EB7 /* TinkAutoParkingUITests */,
				A5C1A4C427D2799A00866EB7 /* Products */,
				A301D10727F0AF19003A9397 /* Frameworks */,
			);
			sourceTree = "<group>";
		};
		A5C1A4C427D2799A00866EB7 /* Products */ = {
			isa = PBXGroup;
			children = (
				A5C1A4C327D2799A00866EB7 /* TinkAutoParking.app */,
				A5C1A4DC27D2799B00866EB7 /* TinkAutoParkingTests.xctest */,
				A5C1A4E627D2799B00866EB7 /* TinkAutoParkingUITests.xctest */,
			);
			name = Products;
			sourceTree = "<group>";
		};
		A5C1A4C527D2799A00866EB7 /* TinkAutoParking */ = {
			isa = PBXGroup;
			children = (
				A3FD2E8C27EF212F002FD5A1 /* Authorization */,
				A5CCBD1027EE1BFF002B33D8 /* Map */,
				A36F423E27D50E610001F773 /* TinkAutoParking.entitlements */,
				A5C1A4C627D2799A00866EB7 /* AppDelegate.swift */,
				A5C1A4C827D2799A00866EB7 /* SceneDelegate.swift */,
				A397EBE027F1C4BD002E6991 /* Main.storyboard */,
				A5CCBD1A27EE1C5A002B33D8 /* Resources */,
			);
			path = TinkAutoParking;
			sourceTree = "<group>";
		};
		A5C1A4DF27D2799B00866EB7 /* TinkAutoParkingTests */ = {
			isa = PBXGroup;
			children = (
				A516A99F27F089E3006BD170 /* AuthTest.swift */,
				A5C1A4E027D2799B00866EB7 /* MapTest.swift */,
			);
			path = TinkAutoParkingTests;
			sourceTree = "<group>";
		};
		A5C1A4E927D2799B00866EB7 /* TinkAutoParkingUITests */ = {
			isa = PBXGroup;
			children = (
				A5C1A4EA27D2799B00866EB7 /* TinkAutoParkingUITests.swift */,
				A5C1A4EC27D2799B00866EB7 /* TinkAutoParkingUITestsLaunchTests.swift */,
			);
			path = TinkAutoParkingUITests;
			sourceTree = "<group>";
		};
		A5CCBD1027EE1BFF002B33D8 /* Map */ = {
			isa = PBXGroup;
			children = (
				A5CCBD1127EE1C09002B33D8 /* Model */,
				A5CCBD1227EE1C0F002B33D8 /* View */,
				A5CCBD1327EE1C13002B33D8 /* Presenter */,
				A5CCBD1827EE1C4A002B33D8 /* MapAssembly.swift */,
			);
			path = Map;
			sourceTree = "<group>";
		};
		A5CCBD1127EE1C09002B33D8 /* Model */ = {
			isa = PBXGroup;
			children = (
				A5CCBD1427EE1C38002B33D8 /* MapModel.swift */,
			);
			path = Model;
			sourceTree = "<group>";
		};
		A5CCBD1227EE1C0F002B33D8 /* View */ = {
			isa = PBXGroup;
			children = (
				A5CCBD1B27EE1DF5002B33D8 /* Sks */,
				A5B0C0E027D8EEEC00D35401 /* MapScene.swift */,
				A561FCAD27DE244800E53D83 /* MapViewController.swift */,
			);
			path = View;
			sourceTree = "<group>";
		};
		A5CCBD1327EE1C13002B33D8 /* Presenter */ = {
			isa = PBXGroup;
			children = (
				A5CCBD1627EE1C41002B33D8 /* MapPresenter.swift */,
			);
			path = Presenter;
			sourceTree = "<group>";
		};
		A5CCBD1A27EE1C5A002B33D8 /* Resources */ = {
			isa = PBXGroup;
			children = (
				A5C1A4D227D2799A00866EB7 /* Assets.xcassets */,
				A5C1A4D427D2799A00866EB7 /* LaunchScreen.storyboard */,
				A5C1A4D727D2799A00866EB7 /* Info.plist */,
				A5C1A4CF27D2799A00866EB7 /* TinkAutoParking.xcdatamodeld */,
				A3D00F4727D27F4A00F31B5D /* GoogleService-Info.plist */,
			);
			path = Resources;
			sourceTree = "<group>";
		};
		A5CCBD1B27EE1DF5002B33D8 /* Sks */ = {
			isa = PBXGroup;
			children = (
				A592DF9C27DE1E4B0016B84D /* TileSet.sks */,
				A5B0C0DC27D8EEC800D35401 /* MapScene.sks */,
				A5B0C0DE27D8EEDF00D35401 /* Actions.sks */,
			);
			path = Sks;
			sourceTree = "<group>";
		};
/* End PBXGroup section */

/* Begin PBXNativeTarget section */
		A5C1A4C227D2799A00866EB7 /* TinkAutoParking */ = {
			isa = PBXNativeTarget;
			buildConfigurationList = A5C1A4F027D2799B00866EB7 /* Build configuration list for PBXNativeTarget "TinkAutoParking" */;
			buildPhases = (
				A5C1A4BF27D2799A00866EB7 /* Sources */,
				A5C1A4C027D2799A00866EB7 /* Frameworks */,
				A5C1A4C127D2799A00866EB7 /* Resources */,
			);
			buildRules = (
			);
			dependencies = (
			);
			name = TinkAutoParking;
			packageProductDependencies = (
				A3D00F4A27D2819500F31B5D /* FirebaseAnalytics */,
				A3D00F4C27D2819500F31B5D /* FirebaseAuth */,
				A3D00F4E27D2819500F31B5D /* FirebaseAuthCombine-Community */,
				A3D00F5027D2819500F31B5D /* FirebaseDatabase */,
				A36F424027D515950001F773 /* GoogleSignIn */,
				A301D10827F0AF19003A9397 /* FirebaseFirestore */,
			);
			productName = TinkAutoParking;
			productReference = A5C1A4C327D2799A00866EB7 /* TinkAutoParking.app */;
			productType = "com.apple.product-type.application";
		};
		A5C1A4DB27D2799B00866EB7 /* TinkAutoParkingTests */ = {
			isa = PBXNativeTarget;
			buildConfigurationList = A5C1A4F327D2799B00866EB7 /* Build configuration list for PBXNativeTarget "TinkAutoParkingTests" */;
			buildPhases = (
				A5C1A4D827D2799B00866EB7 /* Sources */,
				A5C1A4D927D2799B00866EB7 /* Frameworks */,
				A5C1A4DA27D2799B00866EB7 /* Resources */,
			);
			buildRules = (
			);
			dependencies = (
				A5C1A4DE27D2799B00866EB7 /* PBXTargetDependency */,
			);
			name = TinkAutoParkingTests;
			productName = TinkAutoParkingTests;
			productReference = A5C1A4DC27D2799B00866EB7 /* TinkAutoParkingTests.xctest */;
			productType = "com.apple.product-type.bundle.unit-test";
		};
		A5C1A4E527D2799B00866EB7 /* TinkAutoParkingUITests */ = {
			isa = PBXNativeTarget;
			buildConfigurationList = A5C1A4F627D2799B00866EB7 /* Build configuration list for PBXNativeTarget "TinkAutoParkingUITests" */;
			buildPhases = (
				A5C1A4E227D2799B00866EB7 /* Sources */,
				A5C1A4E327D2799B00866EB7 /* Frameworks */,
				A5C1A4E427D2799B00866EB7 /* Resources */,
			);
			buildRules = (
			);
			dependencies = (
				A5C1A4E827D2799B00866EB7 /* PBXTargetDependency */,
			);
			name = TinkAutoParkingUITests;
			productName = TinkAutoParkingUITests;
			productReference = A5C1A4E627D2799B00866EB7 /* TinkAutoParkingUITests.xctest */;
			productType = "com.apple.product-type.bundle.ui-testing";
		};
/* End PBXNativeTarget section */

/* Begin PBXProject section */
		A5C1A4BB27D2799A00866EB7 /* Project object */ = {
			isa = PBXProject;
			attributes = {
				BuildIndependentTargetsInParallel = 1;
				LastSwiftUpdateCheck = 1320;
				LastUpgradeCheck = 1320;
				TargetAttributes = {
					A5C1A4C227D2799A00866EB7 = {
						CreatedOnToolsVersion = 13.2.1;
					};
					A5C1A4DB27D2799B00866EB7 = {
						CreatedOnToolsVersion = 13.2.1;
						TestTargetID = A5C1A4C227D2799A00866EB7;
					};
					A5C1A4E527D2799B00866EB7 = {
						CreatedOnToolsVersion = 13.2.1;
						TestTargetID = A5C1A4C227D2799A00866EB7;
					};
				};
			};
			buildConfigurationList = A5C1A4BE27D2799A00866EB7 /* Build configuration list for PBXProject "TinkAutoParking" */;
			compatibilityVersion = "Xcode 13.0";
			developmentRegion = en;
			hasScannedForEncodings = 0;
			knownRegions = (
				en,
				Base,
			);
			mainGroup = A5C1A4BA27D2799A00866EB7;
			packageReferences = (
				A3D00F4927D2819500F31B5D /* XCRemoteSwiftPackageReference "firebase-ios-sdk" */,
				A36F423F27D515950001F773 /* XCRemoteSwiftPackageReference "GoogleSignIn-iOS" */,
			);
			productRefGroup = A5C1A4C427D2799A00866EB7 /* Products */;
			projectDirPath = "";
			projectRoot = "";
			targets = (
				A5C1A4C227D2799A00866EB7 /* TinkAutoParking */,
				A5C1A4DB27D2799B00866EB7 /* TinkAutoParkingTests */,
				A5C1A4E527D2799B00866EB7 /* TinkAutoParkingUITests */,
			);
		};
/* End PBXProject section */

/* Begin PBXResourcesBuildPhase section */
		A5C1A4C127D2799A00866EB7 /* Resources */ = {
			isa = PBXResourcesBuildPhase;
			buildActionMask = 2147483647;
			files = (
				A397EBE127F1C4BD002E6991 /* Main.storyboard in Resources */,
				A5C1A4D627D2799A00866EB7 /* LaunchScreen.storyboard in Resources */,
				A5B0C0DF27D8EEDF00D35401 /* Actions.sks in Resources */,
				A3D00F4827D27F4A00F31B5D /* GoogleService-Info.plist in Resources */,
				A5C1A4D327D2799A00866EB7 /* Assets.xcassets in Resources */,
				A592DF9D27DE1E4B0016B84D /* TileSet.sks in Resources */,
				A5B0C0DD27D8EEC800D35401 /* MapScene.sks in Resources */,
				A3D4A65C27F48A340042AB40 /* .gitattributes in Resources */,
			);
			runOnlyForDeploymentPostprocessing = 0;
		};
		A5C1A4DA27D2799B00866EB7 /* Resources */ = {
			isa = PBXResourcesBuildPhase;
			buildActionMask = 2147483647;
			files = (
			);
			runOnlyForDeploymentPostprocessing = 0;
		};
		A5C1A4E427D2799B00866EB7 /* Resources */ = {
			isa = PBXResourcesBuildPhase;
			buildActionMask = 2147483647;
			files = (
			);
			runOnlyForDeploymentPostprocessing = 0;
		};
/* End PBXResourcesBuildPhase section */

/* Begin PBXSourcesBuildPhase section */
		A5C1A4BF27D2799A00866EB7 /* Sources */ = {
			isa = PBXSourcesBuildPhase;
			buildActionMask = 2147483647;
			files = (
				A5CCBD1927EE1C4A002B33D8 /* MapAssembly.swift in Sources */,
				A5B0C0E127D8EEEC00D35401 /* MapScene.swift in Sources */,
				A301D10627F0AE7E003A9397 /* DataBaseService.swift in Sources */,
				A3FD2E9627EF21FA002FD5A1 /* AuthAssembly.swift in Sources */,
				A561FCAE27DE244800E53D83 /* MapViewController.swift in Sources */,
				A5C1A4CB27D2799A00866EB7 /* AuthViewController.swift in Sources */,
				A301D10427F0AD10003A9397 /* UserDB.swift in Sources */,
				A301D10127F0A8F4003A9397 /* AuthService.swift in Sources */,
				A5CCBD1727EE1C41002B33D8 /* MapPresenter.swift in Sources */,
				A5C1A4C727D2799A00866EB7 /* AppDelegate.swift in Sources */,
				A5CCBD1527EE1C38002B33D8 /* MapModel.swift in Sources */,
				A5C1A4C927D2799A00866EB7 /* SceneDelegate.swift in Sources */,
				A5C1A4D127D2799A00866EB7 /* TinkAutoParking.xcdatamodeld in Sources */,
				A3FD2E9427EF21C4002FD5A1 /* UserPresenter.swift in Sources */,
				A397EBD927F1AA1A002E6991 /* RegViewController.swift in Sources */,
			);
			runOnlyForDeploymentPostprocessing = 0;
		};
		A5C1A4D827D2799B00866EB7 /* Sources */ = {
			isa = PBXSourcesBuildPhase;
			buildActionMask = 2147483647;
			files = (
				A5C1A4E127D2799B00866EB7 /* MapTest.swift in Sources */,
				A516A9A027F089E3006BD170 /* AuthTest.swift in Sources */,
			);
			runOnlyForDeploymentPostprocessing = 0;
		};
		A5C1A4E227D2799B00866EB7 /* Sources */ = {
			isa = PBXSourcesBuildPhase;
			buildActionMask = 2147483647;
			files = (
				A5C1A4ED27D2799B00866EB7 /* TinkAutoParkingUITestsLaunchTests.swift in Sources */,
				A5C1A4EB27D2799B00866EB7 /* TinkAutoParkingUITests.swift in Sources */,
			);
			runOnlyForDeploymentPostprocessing = 0;
		};
/* End PBXSourcesBuildPhase section */

/* Begin PBXTargetDependency section */
		A5C1A4DE27D2799B00866EB7 /* PBXTargetDependency */ = {
			isa = PBXTargetDependency;
			target = A5C1A4C227D2799A00866EB7 /* TinkAutoParking */;
			targetProxy = A5C1A4DD27D2799B00866EB7 /* PBXContainerItemProxy */;
		};
		A5C1A4E827D2799B00866EB7 /* PBXTargetDependency */ = {
			isa = PBXTargetDependency;
			target = A5C1A4C227D2799A00866EB7 /* TinkAutoParking */;
			targetProxy = A5C1A4E727D2799B00866EB7 /* PBXContainerItemProxy */;
		};
/* End PBXTargetDependency section */

/* Begin PBXVariantGroup section */
		A5C1A4D427D2799A00866EB7 /* LaunchScreen.storyboard */ = {
			isa = PBXVariantGroup;
			children = (
				A5C1A4D527D2799A00866EB7 /* Base */,
			);
			name = LaunchScreen.storyboard;
			sourceTree = "<group>";
		};
/* End PBXVariantGroup section */

/* Begin XCBuildConfiguration section */
		A5C1A4EE27D2799B00866EB7 /* Debug */ = {
			isa = XCBuildConfiguration;
			buildSettings = {
				ALWAYS_SEARCH_USER_PATHS = NO;
				CLANG_ANALYZER_NONNULL = YES;
				CLANG_ANALYZER_NUMBER_OBJECT_CONVERSION = YES_AGGRESSIVE;
				CLANG_CXX_LANGUAGE_STANDARD = "gnu++17";
				CLANG_CXX_LIBRARY = "libc++";
				CLANG_ENABLE_MODULES = YES;
				CLANG_ENABLE_OBJC_ARC = YES;
				CLANG_ENABLE_OBJC_WEAK = YES;
				CLANG_WARN_BLOCK_CAPTURE_AUTORELEASING = YES;
				CLANG_WARN_BOOL_CONVERSION = YES;
				CLANG_WARN_COMMA = YES;
				CLANG_WARN_CONSTANT_CONVERSION = YES;
				CLANG_WARN_DEPRECATED_OBJC_IMPLEMENTATIONS = YES;
				CLANG_WARN_DIRECT_OBJC_ISA_USAGE = YES_ERROR;
				CLANG_WARN_DOCUMENTATION_COMMENTS = YES;
				CLANG_WARN_EMPTY_BODY = YES;
				CLANG_WARN_ENUM_CONVERSION = YES;
				CLANG_WARN_INFINITE_RECURSION = YES;
				CLANG_WARN_INT_CONVERSION = YES;
				CLANG_WARN_NON_LITERAL_NULL_CONVERSION = YES;
				CLANG_WARN_OBJC_IMPLICIT_RETAIN_SELF = YES;
				CLANG_WARN_OBJC_LITERAL_CONVERSION = YES;
				CLANG_WARN_OBJC_ROOT_CLASS = YES_ERROR;
				CLANG_WARN_QUOTED_INCLUDE_IN_FRAMEWORK_HEADER = YES;
				CLANG_WARN_RANGE_LOOP_ANALYSIS = YES;
				CLANG_WARN_STRICT_PROTOTYPES = YES;
				CLANG_WARN_SUSPICIOUS_MOVE = YES;
				CLANG_WARN_UNGUARDED_AVAILABILITY = YES_AGGRESSIVE;
				CLANG_WARN_UNREACHABLE_CODE = YES;
				CLANG_WARN__DUPLICATE_METHOD_MATCH = YES;
				COPY_PHASE_STRIP = NO;
				DEBUG_INFORMATION_FORMAT = dwarf;
				ENABLE_STRICT_OBJC_MSGSEND = YES;
				ENABLE_TESTABILITY = YES;
				GCC_C_LANGUAGE_STANDARD = gnu11;
				GCC_DYNAMIC_NO_PIC = NO;
				GCC_NO_COMMON_BLOCKS = YES;
				GCC_OPTIMIZATION_LEVEL = 0;
				GCC_PREPROCESSOR_DEFINITIONS = (
					"DEBUG=1",
					"$(inherited)",
				);
				GCC_WARN_64_TO_32_BIT_CONVERSION = YES;
				GCC_WARN_ABOUT_RETURN_TYPE = YES_ERROR;
				GCC_WARN_UNDECLARED_SELECTOR = YES;
				GCC_WARN_UNINITIALIZED_AUTOS = YES_AGGRESSIVE;
				GCC_WARN_UNUSED_FUNCTION = YES;
				GCC_WARN_UNUSED_VARIABLE = YES;
				IPHONEOS_DEPLOYMENT_TARGET = 15.2;
				MTL_ENABLE_DEBUG_INFO = INCLUDE_SOURCE;
				MTL_FAST_MATH = YES;
				ONLY_ACTIVE_ARCH = YES;
				SDKROOT = iphoneos;
				SWIFT_ACTIVE_COMPILATION_CONDITIONS = DEBUG;
				SWIFT_OPTIMIZATION_LEVEL = "-Onone";
			};
			name = Debug;
		};
		A5C1A4EF27D2799B00866EB7 /* Release */ = {
			isa = XCBuildConfiguration;
			buildSettings = {
				ALWAYS_SEARCH_USER_PATHS = NO;
				CLANG_ANALYZER_NONNULL = YES;
				CLANG_ANALYZER_NUMBER_OBJECT_CONVERSION = YES_AGGRESSIVE;
				CLANG_CXX_LANGUAGE_STANDARD = "gnu++17";
				CLANG_CXX_LIBRARY = "libc++";
				CLANG_ENABLE_MODULES = YES;
				CLANG_ENABLE_OBJC_ARC = YES;
				CLANG_ENABLE_OBJC_WEAK = YES;
				CLANG_WARN_BLOCK_CAPTURE_AUTORELEASING = YES;
				CLANG_WARN_BOOL_CONVERSION = YES;
				CLANG_WARN_COMMA = YES;
				CLANG_WARN_CONSTANT_CONVERSION = YES;
				CLANG_WARN_DEPRECATED_OBJC_IMPLEMENTATIONS = YES;
				CLANG_WARN_DIRECT_OBJC_ISA_USAGE = YES_ERROR;
				CLANG_WARN_DOCUMENTATION_COMMENTS = YES;
				CLANG_WARN_EMPTY_BODY = YES;
				CLANG_WARN_ENUM_CONVERSION = YES;
				CLANG_WARN_INFINITE_RECURSION = YES;
				CLANG_WARN_INT_CONVERSION = YES;
				CLANG_WARN_NON_LITERAL_NULL_CONVERSION = YES;
				CLANG_WARN_OBJC_IMPLICIT_RETAIN_SELF = YES;
				CLANG_WARN_OBJC_LITERAL_CONVERSION = YES;
				CLANG_WARN_OBJC_ROOT_CLASS = YES_ERROR;
				CLANG_WARN_QUOTED_INCLUDE_IN_FRAMEWORK_HEADER = YES;
				CLANG_WARN_RANGE_LOOP_ANALYSIS = YES;
				CLANG_WARN_STRICT_PROTOTYPES = YES;
				CLANG_WARN_SUSPICIOUS_MOVE = YES;
				CLANG_WARN_UNGUARDED_AVAILABILITY = YES_AGGRESSIVE;
				CLANG_WARN_UNREACHABLE_CODE = YES;
				CLANG_WARN__DUPLICATE_METHOD_MATCH = YES;
				COPY_PHASE_STRIP = NO;
				DEBUG_INFORMATION_FORMAT = "dwarf-with-dsym";
				ENABLE_NS_ASSERTIONS = NO;
				ENABLE_STRICT_OBJC_MSGSEND = YES;
				GCC_C_LANGUAGE_STANDARD = gnu11;
				GCC_NO_COMMON_BLOCKS = YES;
				GCC_WARN_64_TO_32_BIT_CONVERSION = YES;
				GCC_WARN_ABOUT_RETURN_TYPE = YES_ERROR;
				GCC_WARN_UNDECLARED_SELECTOR = YES;
				GCC_WARN_UNINITIALIZED_AUTOS = YES_AGGRESSIVE;
				GCC_WARN_UNUSED_FUNCTION = YES;
				GCC_WARN_UNUSED_VARIABLE = YES;
				IPHONEOS_DEPLOYMENT_TARGET = 15.2;
				MTL_ENABLE_DEBUG_INFO = NO;
				MTL_FAST_MATH = YES;
				SDKROOT = iphoneos;
				SWIFT_COMPILATION_MODE = wholemodule;
				SWIFT_OPTIMIZATION_LEVEL = "-O";
				VALIDATE_PRODUCT = YES;
			};
			name = Release;
		};
		A5C1A4F127D2799B00866EB7 /* Debug */ = {
			isa = XCBuildConfiguration;
			buildSettings = {
				ASSETCATALOG_COMPILER_APPICON_NAME = AppIcon;
				ASSETCATALOG_COMPILER_GLOBAL_ACCENT_COLOR_NAME = AccentColor;
				CODE_SIGN_ENTITLEMENTS = TinkAutoParking/TinkAutoParking.entitlements;
				CODE_SIGN_STYLE = Automatic;
				CURRENT_PROJECT_VERSION = 1;
				DEVELOPMENT_TEAM = "";
				GENERATE_INFOPLIST_FILE = YES;
				INFOPLIST_FILE = TinkAutoParking/Resources/Info.plist;
				INFOPLIST_KEY_CFBundleDisplayName = "TinkAutoParcking ";
				INFOPLIST_KEY_UIApplicationSupportsIndirectInputEvents = YES;
				INFOPLIST_KEY_UILaunchStoryboardName = LaunchScreen;
				INFOPLIST_KEY_UIMainStoryboardFile = Main;
				INFOPLIST_KEY_UISupportedInterfaceOrientations = UIInterfaceOrientationPortrait;
				INFOPLIST_KEY_UISupportedInterfaceOrientations_iPad = "UIInterfaceOrientationPortrait UIInterfaceOrientationPortraitUpsideDown UIInterfaceOrientationLandscapeLeft UIInterfaceOrientationLandscapeRight";
				INFOPLIST_KEY_UISupportedInterfaceOrientations_iPhone = "UIInterfaceOrientationPortrait UIInterfaceOrientationLandscapeLeft UIInterfaceOrientationLandscapeRight";
				LD_RUNPATH_SEARCH_PATHS = (
					"$(inherited)",
					"@executable_path/Frameworks",
				);
				MARKETING_VERSION = 1.0;
				PRODUCT_BUNDLE_IDENTIFIER = TinkAutoParking;
				PRODUCT_NAME = "$(TARGET_NAME)";
				SWIFT_EMIT_LOC_STRINGS = YES;
				SWIFT_VERSION = 5.0;
				TARGETED_DEVICE_FAMILY = "1,2";
			};
			name = Debug;
		};
		A5C1A4F227D2799B00866EB7 /* Release */ = {
			isa = XCBuildConfiguration;
			buildSettings = {
				ASSETCATALOG_COMPILER_APPICON_NAME = AppIcon;
				ASSETCATALOG_COMPILER_GLOBAL_ACCENT_COLOR_NAME = AccentColor;
				CODE_SIGN_ENTITLEMENTS = TinkAutoParking/TinkAutoParking.entitlements;
				CODE_SIGN_STYLE = Automatic;
				CURRENT_PROJECT_VERSION = 1;
				DEVELOPMENT_TEAM = "";
				GENERATE_INFOPLIST_FILE = YES;
				INFOPLIST_FILE = TinkAutoParking/Resources/Info.plist;
				INFOPLIST_KEY_CFBundleDisplayName = "TinkAutoParcking ";
				INFOPLIST_KEY_UIApplicationSupportsIndirectInputEvents = YES;
				INFOPLIST_KEY_UILaunchStoryboardName = LaunchScreen;
				INFOPLIST_KEY_UIMainStoryboardFile = Main;
				INFOPLIST_KEY_UISupportedInterfaceOrientations = UIInterfaceOrientationPortrait;
				INFOPLIST_KEY_UISupportedInterfaceOrientations_iPad = "UIInterfaceOrientationPortrait UIInterfaceOrientationPortraitUpsideDown UIInterfaceOrientationLandscapeLeft UIInterfaceOrientationLandscapeRight";
				INFOPLIST_KEY_UISupportedInterfaceOrientations_iPhone = "UIInterfaceOrientationPortrait UIInterfaceOrientationLandscapeLeft UIInterfaceOrientationLandscapeRight";
				LD_RUNPATH_SEARCH_PATHS = (
					"$(inherited)",
					"@executable_path/Frameworks",
				);
				MARKETING_VERSION = 1.0;
				PRODUCT_BUNDLE_IDENTIFIER = TinkAutoParking;
				PRODUCT_NAME = "$(TARGET_NAME)";
				SWIFT_EMIT_LOC_STRINGS = YES;
				SWIFT_VERSION = 5.0;
				TARGETED_DEVICE_FAMILY = "1,2";
			};
			name = Release;
		};
		A5C1A4F427D2799B00866EB7 /* Debug */ = {
			isa = XCBuildConfiguration;
			buildSettings = {
				ALWAYS_EMBED_SWIFT_STANDARD_LIBRARIES = YES;
				BUNDLE_LOADER = "$(TEST_HOST)";
				CODE_SIGN_STYLE = Automatic;
				CURRENT_PROJECT_VERSION = 1;
				DEVELOPMENT_TEAM = "";
				GENERATE_INFOPLIST_FILE = YES;
				IPHONEOS_DEPLOYMENT_TARGET = 15.2;
				MARKETING_VERSION = 1.0;
				PRODUCT_BUNDLE_IDENTIFIER = ITIS.TinkAutoParkingTests;
				PRODUCT_NAME = "$(TARGET_NAME)";
				SWIFT_EMIT_LOC_STRINGS = NO;
				SWIFT_VERSION = 5.0;
				TARGETED_DEVICE_FAMILY = "1,2";
				TEST_HOST = "$(BUILT_PRODUCTS_DIR)/TinkAutoParking.app/TinkAutoParking";
			};
			name = Debug;
		};
		A5C1A4F527D2799B00866EB7 /* Release */ = {
			isa = XCBuildConfiguration;
			buildSettings = {
				ALWAYS_EMBED_SWIFT_STANDARD_LIBRARIES = YES;
				BUNDLE_LOADER = "$(TEST_HOST)";
				CODE_SIGN_STYLE = Automatic;
				CURRENT_PROJECT_VERSION = 1;
				DEVELOPMENT_TEAM = "";
				GENERATE_INFOPLIST_FILE = YES;
				IPHONEOS_DEPLOYMENT_TARGET = 15.2;
				MARKETING_VERSION = 1.0;
				PRODUCT_BUNDLE_IDENTIFIER = ITIS.TinkAutoParkingTests;
				PRODUCT_NAME = "$(TARGET_NAME)";
				SWIFT_EMIT_LOC_STRINGS = NO;
				SWIFT_VERSION = 5.0;
				TARGETED_DEVICE_FAMILY = "1,2";
				TEST_HOST = "$(BUILT_PRODUCTS_DIR)/TinkAutoParking.app/TinkAutoParking";
			};
			name = Release;
		};
		A5C1A4F727D2799B00866EB7 /* Debug */ = {
			isa = XCBuildConfiguration;
			buildSettings = {
				ALWAYS_EMBED_SWIFT_STANDARD_LIBRARIES = YES;
				CODE_SIGN_STYLE = Automatic;
				CURRENT_PROJECT_VERSION = 1;
				DEVELOPMENT_TEAM = "";
				GENERATE_INFOPLIST_FILE = YES;
				MARKETING_VERSION = 1.0;
				PRODUCT_BUNDLE_IDENTIFIER = ITIS.TinkAutoParkingUITests;
				PRODUCT_NAME = "$(TARGET_NAME)";
				SWIFT_EMIT_LOC_STRINGS = NO;
				SWIFT_VERSION = 5.0;
				TARGETED_DEVICE_FAMILY = "1,2";
				TEST_TARGET_NAME = TinkAutoParking;
			};
			name = Debug;
		};
		A5C1A4F827D2799B00866EB7 /* Release */ = {
			isa = XCBuildConfiguration;
			buildSettings = {
				ALWAYS_EMBED_SWIFT_STANDARD_LIBRARIES = YES;
				CODE_SIGN_STYLE = Automatic;
				CURRENT_PROJECT_VERSION = 1;
				DEVELOPMENT_TEAM = "";
				GENERATE_INFOPLIST_FILE = YES;
				MARKETING_VERSION = 1.0;
				PRODUCT_BUNDLE_IDENTIFIER = ITIS.TinkAutoParkingUITests;
				PRODUCT_NAME = "$(TARGET_NAME)";
				SWIFT_EMIT_LOC_STRINGS = NO;
				SWIFT_VERSION = 5.0;
				TARGETED_DEVICE_FAMILY = "1,2";
				TEST_TARGET_NAME = TinkAutoParking;
			};
			name = Release;
		};
/* End XCBuildConfiguration section */

/* Begin XCConfigurationList section */
		A5C1A4BE27D2799A00866EB7 /* Build configuration list for PBXProject "TinkAutoParking" */ = {
			isa = XCConfigurationList;
			buildConfigurations = (
				A5C1A4EE27D2799B00866EB7 /* Debug */,
				A5C1A4EF27D2799B00866EB7 /* Release */,
			);
			defaultConfigurationIsVisible = 0;
			defaultConfigurationName = Release;
		};
		A5C1A4F027D2799B00866EB7 /* Build configuration list for PBXNativeTarget "TinkAutoParking" */ = {
			isa = XCConfigurationList;
			buildConfigurations = (
				A5C1A4F127D2799B00866EB7 /* Debug */,
				A5C1A4F227D2799B00866EB7 /* Release */,
			);
			defaultConfigurationIsVisible = 0;
			defaultConfigurationName = Release;
		};
		A5C1A4F327D2799B00866EB7 /* Build configuration list for PBXNativeTarget "TinkAutoParkingTests" */ = {
			isa = XCConfigurationList;
			buildConfigurations = (
				A5C1A4F427D2799B00866EB7 /* Debug */,
				A5C1A4F527D2799B00866EB7 /* Release */,
			);
			defaultConfigurationIsVisible = 0;
			defaultConfigurationName = Release;
		};
		A5C1A4F627D2799B00866EB7 /* Build configuration list for PBXNativeTarget "TinkAutoParkingUITests" */ = {
			isa = XCConfigurationList;
			buildConfigurations = (
				A5C1A4F727D2799B00866EB7 /* Debug */,
				A5C1A4F827D2799B00866EB7 /* Release */,
			);
			defaultConfigurationIsVisible = 0;
			defaultConfigurationName = Release;
		};
/* End XCConfigurationList section */

/* Begin XCRemoteSwiftPackageReference section */
		A36F423F27D515950001F773 /* XCRemoteSwiftPackageReference "GoogleSignIn-iOS" */ = {
			isa = XCRemoteSwiftPackageReference;
			repositoryURL = "https://github.com/google/GoogleSignIn-iOS/";
			requirement = {
				kind = upToNextMajorVersion;
				minimumVersion = 6.0.0;
			};
		};
		A3D00F4927D2819500F31B5D /* XCRemoteSwiftPackageReference "firebase-ios-sdk" */ = {
			isa = XCRemoteSwiftPackageReference;
			repositoryURL = "https://github.com/firebase/firebase-ios-sdk";
			requirement = {
				kind = upToNextMajorVersion;
				minimumVersion = 8.0.0;
			};
		};
/* End XCRemoteSwiftPackageReference section */

/* Begin XCSwiftPackageProductDependency section */
		A301D10827F0AF19003A9397 /* FirebaseFirestore */ = {
			isa = XCSwiftPackageProductDependency;
			package = A3D00F4927D2819500F31B5D /* XCRemoteSwiftPackageReference "firebase-ios-sdk" */;
			productName = FirebaseFirestore;
		};
		A36F424027D515950001F773 /* GoogleSignIn */ = {
			isa = XCSwiftPackageProductDependency;
			package = A36F423F27D515950001F773 /* XCRemoteSwiftPackageReference "GoogleSignIn-iOS" */;
			productName = GoogleSignIn;
		};
		A3D00F4A27D2819500F31B5D /* FirebaseAnalytics */ = {
			isa = XCSwiftPackageProductDependency;
			package = A3D00F4927D2819500F31B5D /* XCRemoteSwiftPackageReference "firebase-ios-sdk" */;
			productName = FirebaseAnalytics;
		};
		A3D00F4C27D2819500F31B5D /* FirebaseAuth */ = {
			isa = XCSwiftPackageProductDependency;
			package = A3D00F4927D2819500F31B5D /* XCRemoteSwiftPackageReference "firebase-ios-sdk" */;
			productName = FirebaseAuth;
		};
		A3D00F4E27D2819500F31B5D /* FirebaseAuthCombine-Community */ = {
			isa = XCSwiftPackageProductDependency;
			package = A3D00F4927D2819500F31B5D /* XCRemoteSwiftPackageReference "firebase-ios-sdk" */;
			productName = "FirebaseAuthCombine-Community";
		};
		A3D00F5027D2819500F31B5D /* FirebaseDatabase */ = {
			isa = XCSwiftPackageProductDependency;
			package = A3D00F4927D2819500F31B5D /* XCRemoteSwiftPackageReference "firebase-ios-sdk" */;
			productName = FirebaseDatabase;
		};
/* End XCSwiftPackageProductDependency section */

/* Begin XCVersionGroup section */
		A5C1A4CF27D2799A00866EB7 /* TinkAutoParking.xcdatamodeld */ = {
			isa = XCVersionGroup;
			children = (
				A5C1A4D027D2799A00866EB7 /* TinkAutoParking.xcdatamodel */,
			);
			currentVersion = A5C1A4D027D2799A00866EB7 /* TinkAutoParking.xcdatamodel */;
			path = TinkAutoParking.xcdatamodeld;
			sourceTree = "<group>";
			versionGroupType = wrapper.xcdatamodel;
		};
/* End XCVersionGroup section */
	};
	rootObject = A5C1A4BB27D2799A00866EB7 /* Project object */;
}
